
Microsoft Visual Studio Solution File, Format Version 10.00
# Visual C++ Express 2008
Project("{8BC9CEB8-8B4A-11D0-8D11-00A0C91BC942}") = "shutdown-on-lan", "shutdown-on-lan.vcproj", "{D34C321A-7124-4D1E-A077-23F86124131F}"
EndProject
Global
	GlobalSection(SolutionConfigurationPlatforms) = preSolution
		Debug|Win32 = Debug|Win32
		Release|Win32 = Release|Win32
	EndGlobalSection
	GlobalSection(ProjectConfigurationPlatforms) = postSolution
		{D34C321A-7124-4D1E-A077-23F86124131F}.Debug|Win32.ActiveCfg = Debug|Win32
		{D34C321A-7124-4D1E-A077-23F86124131F}.Debug|Win32.Build.0 = Debug|Win32
		{D34C321A-7124-4D1E-A077-23F86124131F}.Release|Win32.ActiveCfg = Release|Win32
		{D34C321A-7124-4D1E-A077-23F86124131F}.Release|Win32.Build.0 = Release|Win32
	EndGlobalSection
	GlobalSection(SolutionProperties) = preSolution
		HideSolutionNode = FALSE
	EndGlobalSection
EndGlobal
